
Microsoft Visual Studio Solution File, Format Version 12.00
Project("{FAE04EC0-301F-11D3-BF4B-00C04F79EFBC}") = "ProwlersAndParagonsAutomation", "ProwlersAndParagonsAutomation.csproj", "{B56BB541-8769-409A-8AB5-6D643A2985EB}"
EndProject
Project("{2150E333-8FDC-42A3-9474-1A3956D46DE8}") = "tests", "tests", "{0AB3BF05-4346-4AA6-1389-037BE0695223}"
EndProject
Project("{FAE04EC0-301F-11D3-BF4B-00C04F79EFBC}") = "ProwlersAndParagonsAutomation.Tests", "tests\ProwlersAndParagonsAutomation.Tests\ProwlersAndParagonsAutomation.Tests.csproj", "{0F5B2256-785F-45EA-A79A-89479E1EF392}"
EndProject
Project("{2150E333-8FDC-42A3-9474-1A3956D46DE8}") = "engine", "engine", "{D585295F-7994-3649-1065-7AA403C41681}"
EndProject
Project("{FAE04EC0-301F-11D3-BF4B-00C04F79EFBC}") = "ProwlersAndParagons.Engine", "engine\ProwlersAndParagons.Engine.csproj", "{C04CCF57-409E-4B1B-BF7E-79F1B3AD0855}"
EndProject
Project("{2150E333-8FDC-42A3-9474-1A3956D46DE8}") = "sheets", "sheets", "{4FC0CDF5-5E99-CB71-B256-465CB7BE651B}"
EndProject
Project("{FAE04EC0-301F-11D3-BF4B-00C04F79EFBC}") = "ProwlersAndParagons.Sheets", "sheets\ProwlersAndParagons.Sheets.csproj", "{16BCAC11-5013-4EE3-9D6B-B6700D08B8E5}"
EndProject
Project("{2150E333-8FDC-42A3-9474-1A3956D46DE8}") = "web", "web", "{256F4E96-6A73-9ABE-786F-840C672A50F4}"
EndProject
Project("{FAE04EC0-301F-11D3-BF4B-00C04F79EFBC}") = "ProwlersAndParagons.Web", "web\ProwlersAndParagons.Web.csproj", "{00CD6B6E-444D-48CE-BEF9-CDDAD0BE2A0F}"
EndProject
Project("{FAE04EC0-301F-11D3-BF4B-00C04F79EFBC}") = "ProwlersAndParagons.Web.Tests", "tests\ProwlersAndParagons.Web.Tests\ProwlersAndParagons.Web.Tests.csproj", "{F625C925-DB58-40AC-A1E1-024008E7808D}"
EndProject
Project("{2150E333-8FDC-42A3-9474-1A3956D46DE8}") = "mcp", "mcp", "{60D02A9B-BD8A-21E2-79E7-27A6B3D0EB49}"
EndProject
Project("{FAE04EC0-301F-11D3-BF4B-00C04F79EFBC}") = "ProwlersAndParagons.Mcp", "mcp\ProwlersAndParagons.Mcp.csproj", "{01929CF4-D955-4D18-AA1B-01DE0550910A}"
EndProject
Project("{2150E333-8FDC-42A3-9474-1A3956D46DE8}") = "tools", "tools", "{07C2787E-EAC7-C090-1BA3-A61EC2A24D84}"
EndProject
Project("{FAE04EC0-301F-11D3-BF4B-00C04F79EFBC}") = "RulebookExtractor", "tools\RulebookExtractor\RulebookExtractor.csproj", "{703F0CAD-80EC-4F23-A10F-9A774F4C1530}"
EndProject
Project("{FAE04EC0-301F-11D3-BF4B-00C04F79EFBC}") = "ProwlersAndParagons.E2e", "tests\e2e\ProwlersAndParagons.E2e.csproj", "{D8DEC811-C6A5-4073-95A1-DB842FD816EE}"
EndProject
Project("{2150E333-8FDC-42A3-9474-1A3956D46DE8}") = "play", "play", "{A21D5579-76B3-DDCD-27E0-775CFB1152D8}"
EndProject
Project("{FAE04EC0-301F-11D3-BF4B-00C04F79EFBC}") = "ProwlersAndParagons.Play", "play\ProwlersAndParagons.Play.csproj", "{A12C3904-CC39-451E-851D-280864D506D8}"
EndProject
Global
	GlobalSection(SolutionConfigurationPlatforms) = preSolution
		Debug|Any CPU = Debug|Any CPU
		Debug|x64 = Debug|x64
		Debug|x86 = Debug|x86
		Release|Any CPU = Release|Any CPU
		Release|x64 = Release|x64
		Release|x86 = Release|x86
	EndGlobalSection
	GlobalSection(ProjectConfigurationPlatforms) = postSolution
		{B56BB541-8769-409A-8AB5-6D643A2985EB}.Debug|Any CPU.ActiveCfg = Debug|Any CPU
		{B56BB541-8769-409A-8AB5-6D643A2985EB}.Debug|Any CPU.Build.0 = Debug|Any CPU
		{B56BB541-8769-409A-8AB5-6D643A2985EB}.Debug|x64.ActiveCfg = Debug|Any CPU
		{B56BB541-8769-409A-8AB5-6D643A2985EB}.Debug|x64.Build.0 = Debug|Any CPU
		{B56BB541-8769-409A-8AB5-6D643A2985EB}.Debug|x86.ActiveCfg = Debug|Any CPU
		{B56BB541-8769-409A-8AB5-6D643A2985EB}.Debug|x86.Build.0 = Debug|Any CPU
		{B56BB541-8769-409A-8AB5-6D643A2985EB}.Release|Any CPU.ActiveCfg = Release|Any CPU
		{B56BB541-8769-409A-8AB5-6D643A2985EB}.Release|Any CPU.Build.0 = Release|Any CPU
		{B56BB541-8769-409A-8AB5-6D643A2985EB}.Release|x64.ActiveCfg = Release|Any CPU
		{B56BB541-8769-409A-8AB5-6D643A2985EB}.Release|x64.Build.0 = Release|Any CPU
		{B56BB541-8769-409A-8AB5-6D643A2985EB}.Release|x86.ActiveCfg = Release|Any CPU
		{B56BB541-8769-409A-8AB5-6D643A2985EB}.Release|x86.Build.0 = Release|Any CPU
		{0F5B2256-785F-45EA-A79A-89479E1EF392}.Debug|Any CPU.ActiveCfg = Debug|Any CPU
		{0F5B2256-785F-45EA-A79A-89479E1EF392}.Debug|Any CPU.Build.0 = Debug|Any CPU
		{0F5B2256-785F-45EA-A79A-89479E1EF392}.Debug|x64.ActiveCfg = Debug|Any CPU
		{0F5B2256-785F-45EA-A79A-89479E1EF392}.Debug|x64.Build.0 = Debug|Any CPU
		{0F5B2256-785F-45EA-A79A-89479E1EF392}.Debug|x86.ActiveCfg = Debug|Any CPU
		{0F5B2256-785F-45EA-A79A-89479E1EF392}.Debug|x86.Build.0 = Debug|Any CPU
		{0F5B2256-785F-45EA-A79A-89479E1EF392}.Release|Any CPU.ActiveCfg = Release|Any CPU
		{0F5B2256-785F-45EA-A79A-89479E1EF392}.Release|Any CPU.Build.0 = Release|Any CPU
		{0F5B2256-785F-45EA-A79A-89479E1EF392}.Release|x64.ActiveCfg = Release|Any CPU
		{0F5B2256-785F-45EA-A79A-89479E1EF392}.Release|x64.Build.0 = Release|Any CPU
		{0F5B2256-785F-45EA-A79A-89479E1EF392}.Release|x86.ActiveCfg = Release|Any CPU
		{0F5B2256-785F-45EA-A79A-89479E1EF392}.Release|x86.Build.0 = Release|Any CPU
		{C04CCF57-409E-4B1B-BF7E-79F1B3AD0855}.Debug|Any CPU.ActiveCfg = Debug|Any CPU
		{C04CCF57-409E-4B1B-BF7E-79F1B3AD0855}.Debug|Any CPU.Build.0 = Debug|Any CPU
		{C04CCF57-409E-4B1B-BF7E-79F1B3AD0855}.Debug|x64.ActiveCfg = Debug|Any CPU
		{C04CCF57-409E-4B1B-BF7E-79F1B3AD0855}.Debug|x64.Build.0 = Debug|Any CPU
		{C04CCF57-409E-4B1B-BF7E-79F1B3AD0855}.Debug|x86.ActiveCfg = Debug|Any CPU
		{C04CCF57-409E-4B1B-BF7E-79F1B3AD0855}.Debug|x86.Build.0 = Debug|Any CPU
		{C04CCF57-409E-4B1B-BF7E-79F1B3AD0855}.Release|Any CPU.ActiveCfg = Release|Any CPU
		{C04CCF57-409E-4B1B-BF7E-79F1B3AD0855}.Release|Any CPU.Build.0 = Release|Any CPU
		{C04CCF57-409E-4B1B-BF7E-79F1B3AD0855}.Release|x64.ActiveCfg = Release|Any CPU
		{C04CCF57-409E-4B1B-BF7E-79F1B3AD0855}.Release|x64.Build.0 = Release|Any CPU
		{C04CCF57-409E-4B1B-BF7E-79F1B3AD0855}.Release|x86.ActiveCfg = Release|Any CPU
		{C04CCF57-409E-4B1B-BF7E-79F1B3AD0855}.Release|x86.Build.0 = Release|Any CPU
		{16BCAC11-5013-4EE3-9D6B-B6700D08B8E5}.Debug|Any CPU.ActiveCfg = Debug|Any CPU
		{16BCAC11-5013-4EE3-9D6B-B6700D08B8E5}.Debug|Any CPU.Build.0 = Debug|Any CPU
		{16BCAC11-5013-4EE3-9D6B-B6700D08B8E5}.Debug|x64.ActiveCfg = Debug|Any CPU
		{16BCAC11-5013-4EE3-9D6B-B6700D08B8E5}.Debug|x64.Build.0 = Debug|Any CPU
		{16BCAC11-5013-4EE3-9D6B-B6700D08B8E5}.Debug|x86.ActiveCfg = Debug|Any CPU
		{16BCAC11-5013-4EE3-9D6B-B6700D08B8E5}.Debug|x86.Build.0 = Debug|Any CPU
		{16BCAC11-5013-4EE3-9D6B-B6700D08B8E5}.Release|Any CPU.ActiveCfg = Release|Any CPU
		{16BCAC11-5013-4EE3-9D6B-B6700D08B8E5}.Release|Any CPU.Build.0 = Release|Any CPU
		{16BCAC11-5013-4EE3-9D6B-B6700D08B8E5}.Release|x64.ActiveCfg = Release|Any CPU
		{16BCAC11-5013-4EE3-9D6B-B6700D08B8E5}.Release|x64.Build.0 = Release|Any CPU
		{16BCAC11-5013-4EE3-9D6B-B6700D08B8E5}.Release|x86.ActiveCfg = Release|Any CPU
		{16BCAC11-5013-4EE3-9D6B-B6700D08B8E5}.Release|x86.Build.0 = Release|Any CPU
		{00CD6B6E-444D-48CE-BEF9-CDDAD0BE2A0F}.Debug|Any CPU.ActiveCfg = Debug|Any CPU
		{00CD6B6E-444D-48CE-BEF9-CDDAD0BE2A0F}.Debug|Any CPU.Build.0 = Debug|Any CPU
		{00CD6B6E-444D-48CE-BEF9-CDDAD0BE2A0F}.Debug|x64.ActiveCfg = Debug|Any CPU
		{00CD6B6E-444D-48CE-BEF9-CDDAD0BE2A0F}.Debug|x64.Build.0 = Debug|Any CPU
		{00CD6B6E-444D-48CE-BEF9-CDDAD0BE2A0F}.Debug|x86.ActiveCfg = Debug|Any CPU
		{00CD6B6E-444D-48CE-BEF9-CDDAD0BE2A0F}.Debug|x86.Build.0 = Debug|Any CPU
		{00CD6B6E-444D-48CE-BEF9-CDDAD0BE2A0F}.Release|Any CPU.ActiveCfg = Release|Any CPU
		{00CD6B6E-444D-48CE-BEF9-CDDAD0BE2A0F}.Release|Any CPU.Build.0 = Release|Any CPU
		{00CD6B6E-444D-48CE-BEF9-CDDAD0BE2A0F}.Release|x64.ActiveCfg = Release|Any CPU
		{00CD6B6E-444D-48CE-BEF9-CDDAD0BE2A0F}.Release|x64.Build.0 = Release|Any CPU
		{00CD6B6E-444D-48CE-BEF9-CDDAD0BE2A0F}.Release|x86.ActiveCfg = Release|Any CPU
		{00CD6B6E-444D-48CE-BEF9-CDDAD0BE2A0F}.Release|x86.Build.0 = Release|Any CPU
		{F625C925-DB58-40AC-A1E1-024008E7808D}.Debug|Any CPU.ActiveCfg = Debug|Any CPU
		{F625C925-DB58-40AC-A1E1-024008E7808D}.Debug|Any CPU.Build.0 = Debug|Any CPU
		{F625C925-DB58-40AC-A1E1-024008E7808D}.Debug|x64.ActiveCfg = Debug|Any CPU
		{F625C925-DB58-40AC-A1E1-024008E7808D}.Debug|x64.Build.0 = Debug|Any CPU
		{F625C925-DB58-40AC-A1E1-024008E7808D}.Debug|x86.ActiveCfg = Debug|Any CPU
		{F625C925-DB58-40AC-A1E1-024008E7808D}.Debug|x86.Build.0 = Debug|Any CPU
		{F625C925-DB58-40AC-A1E1-024008E7808D}.Release|Any CPU.ActiveCfg = Release|Any CPU
		{F625C925-DB58-40AC-A1E1-024008E7808D}.Release|Any CPU.Build.0 = Release|Any CPU
		{F625C925-DB58-40AC-A1E1-024008E7808D}.Release|x64.ActiveCfg = Release|Any CPU
		{F625C925-DB58-40AC-A1E1-024008E7808D}.Release|x64.Build.0 = Release|Any CPU
		{F625C925-DB58-40AC-A1E1-024008E7808D}.Release|x86.ActiveCfg = Release|Any CPU
		{F625C925-DB58-40AC-A1E1-024008E7808D}.Release|x86.Build.0 = Release|Any CPU
		{01929CF4-D955-4D18-AA1B-01DE0550910A}.Debug|Any CPU.ActiveCfg = Debug|Any CPU
		{01929CF4-D955-4D18-AA1B-01DE0550910A}.Debug|Any CPU.Build.0 = Debug|Any CPU
		{01929CF4-D955-4D18-AA1B-01DE0550910A}.Debug|x64.ActiveCfg = Debug|Any CPU
		{01929CF4-D955-4D18-AA1B-01DE0550910A}.Debug|x64.Build.0 = Debug|Any CPU
		{01929CF4-D955-4D18-AA1B-01DE0550910A}.Debug|x86.ActiveCfg = Debug|Any CPU
		{01929CF4-D955-4D18-AA1B-01DE0550910A}.Debug|x86.Build.0 = Debug|Any CPU
		{01929CF4-D955-4D18-AA1B-01DE0550910A}.Release|Any CPU.ActiveCfg = Release|Any CPU
		{01929CF4-D955-4D18-AA1B-01DE0550910A}.Release|Any CPU.Build.0 = Release|Any CPU
		{01929CF4-D955-4D18-AA1B-01DE0550910A}.Release|x64.ActiveCfg = Release|Any CPU
		{01929CF4-D955-4D18-AA1B-01DE0550910A}.Release|x64.Build.0 = Release|Any CPU
		{01929CF4-D955-4D18-AA1B-01DE0550910A}.Release|x86.ActiveCfg = Release|Any CPU
		{01929CF4-D955-4D18-AA1B-01DE0550910A}.Release|x86.Build.0 = Release|Any CPU
		{703F0CAD-80EC-4F23-A10F-9A774F4C1530}.Debug|Any CPU.ActiveCfg = Debug|Any CPU
		{703F0CAD-80EC-4F23-A10F-9A774F4C1530}.Debug|Any CPU.Build.0 = Debug|Any CPU
		{703F0CAD-80EC-4F23-A10F-9A774F4C1530}.Debug|x64.ActiveCfg = Debug|Any CPU
		{703F0CAD-80EC-4F23-A10F-9A774F4C1530}.Debug|x64.Build.0 = Debug|Any CPU
		{703F0CAD-80EC-4F23-A10F-9A774F4C1530}.Debug|x86.ActiveCfg = Debug|Any CPU
		{703F0CAD-80EC-4F23-A10F-9A774F4C1530}.Debug|x86.Build.0 = Debug|Any CPU
		{703F0CAD-80EC-4F23-A10F-9A774F4C1530}.Release|Any CPU.ActiveCfg = Release|Any CPU
		{703F0CAD-80EC-4F23-A10F-9A774F4C1530}.Release|Any CPU.Build.0 = Release|Any CPU
		{703F0CAD-80EC-4F23-A10F-9A774F4C1530}.Release|x64.ActiveCfg = Release|Any CPU
		{703F0CAD-80EC-4F23-A10F-9A774F4C1530}.Release|x64.Build.0 = Release|Any CPU
		{703F0CAD-80EC-4F23-A10F-9A774F4C1530}.Release|x86.ActiveCfg = Release|Any CPU
		{703F0CAD-80EC-4F23-A10F-9A774F4C1530}.Release|x86.Build.0 = Release|Any CPU
		{D8DEC811-C6A5-4073-95A1-DB842FD816EE}.Debug|Any CPU.ActiveCfg = Debug|Any CPU
		{D8DEC811-C6A5-4073-95A1-DB842FD816EE}.Debug|Any CPU.Build.0 = Debug|Any CPU
		{D8DEC811-C6A5-4073-95A1-DB842FD816EE}.Debug|x64.ActiveCfg = Debug|Any CPU
		{D8DEC811-C6A5-4073-95A1-DB842FD816EE}.Debug|x64.Build.0 = Debug|Any CPU
		{D8DEC811-C6A5-4073-95A1-DB842FD816EE}.Debug|x86.ActiveCfg = Debug|Any CPU
		{D8DEC811-C6A5-4073-95A1-DB842FD816EE}.Debug|x86.Build.0 = Debug|Any CPU
		{D8DEC811-C6A5-4073-95A1-DB842FD816EE}.Release|Any CPU.ActiveCfg = Release|Any CPU
		{D8DEC811-C6A5-4073-95A1-DB842FD816EE}.Release|Any CPU.Build.0 = Release|Any CPU
		{D8DEC811-C6A5-4073-95A1-DB842FD816EE}.Release|x64.ActiveCfg = Release|Any CPU
		{D8DEC811-C6A5-4073-95A1-DB842FD816EE}.Release|x64.Build.0 = Release|Any CPU
		{D8DEC811-C6A5-4073-95A1-DB842FD816EE}.Release|x86.ActiveCfg = Release|Any CPU
		{D8DEC811-C6A5-4073-95A1-DB842FD816EE}.Release|x86.Build.0 = Release|Any CPU
		{A12C3904-CC39-451E-851D-280864D506D8}.Debug|Any CPU.ActiveCfg = Debug|Any CPU
		{A12C3904-CC39-451E-851D-280864D506D8}.Debug|Any CPU.Build.0 = Debug|Any CPU
		{A12C3904-CC39-451E-851D-280864D506D8}.Debug|x64.ActiveCfg = Debug|Any CPU
		{A12C3904-CC39-451E-851D-280864D506D8}.Debug|x64.Build.0 = Debug|Any CPU
		{A12C3904-CC39-451E-851D-280864D506D8}.Debug|x86.ActiveCfg = Debug|Any CPU
		{A12C3904-CC39-451E-851D-280864D506D8}.Debug|x86.Build.0 = Debug|Any CPU
		{A12C3904-CC39-451E-851D-280864D506D8}.Release|Any CPU.ActiveCfg = Release|Any CPU
		{A12C3904-CC39-451E-851D-280864D506D8}.Release|Any CPU.Build.0 = Release|Any CPU
		{A12C3904-CC39-451E-851D-280864D506D8}.Release|x64.ActiveCfg = Release|Any CPU
		{A12C3904-CC39-451E-851D-280864D506D8}.Release|x64.Build.0 = Release|Any CPU
		{A12C3904-CC39-451E-851D-280864D506D8}.Release|x86.ActiveCfg = Release|Any CPU
		{A12C3904-CC39-451E-851D-280864D506D8}.Release|x86.Build.0 = Release|Any CPU
	EndGlobalSection
	GlobalSection(SolutionProperties) = preSolution
		HideSolutionNode = FALSE
	EndGlobalSection
	GlobalSection(NestedProjects) = preSolution
		{0F5B2256-785F-45EA-A79A-89479E1EF392} = {0AB3BF05-4346-4AA6-1389-037BE0695223}
		{C04CCF57-409E-4B1B-BF7E-79F1B3AD0855} = {D585295F-7994-3649-1065-7AA403C41681}
		{16BCAC11-5013-4EE3-9D6B-B6700D08B8E5} = {4FC0CDF5-5E99-CB71-B256-465CB7BE651B}
		{00CD6B6E-444D-48CE-BEF9-CDDAD0BE2A0F} = {256F4E96-6A73-9ABE-786F-840C672A50F4}
		{F625C925-DB58-40AC-A1E1-024008E7808D} = {0AB3BF05-4346-4AA6-1389-037BE0695223}
		{01929CF4-D955-4D18-AA1B-01DE0550910A} = {60D02A9B-BD8A-21E2-79E7-27A6B3D0EB49}
		{703F0CAD-80EC-4F23-A10F-9A774F4C1530} = {07C2787E-EAC7-C090-1BA3-A61EC2A24D84}
		{D8DEC811-C6A5-4073-95A1-DB842FD816EE} = {0AB3BF05-4346-4AA6-1389-037BE0695223}
		{A12C3904-CC39-451E-851D-280864D506D8} = {A21D5579-76B3-DDCD-27E0-775CFB1152D8}
	EndGlobalSection
EndGlobal
